
Microsoft Visual Studio Solution File, Format Version 12.00
# Visual Studio Version 17
VisualStudioVersion = 17.8.34601.278
MinimumVisualStudioVersion = 10.0.40219.1
Project("{FAE04EC0-301F-11D3-BF4B-00C04F79EFBC}") = "CarbonFootprintClientApp", "CarbonFootprintClientApp\CarbonFootprintClientApp.csproj", "{5F0F6205-BD91-4AFF-8F92-48EFB6FEECDC}"
EndProject
Global
	GlobalSection(SolutionConfigurationPlatforms) = preSolution
		Debug|Any CPU = Debug|Any CPU
		Release|Any CPU = Release|Any CPU
	EndGlobalSection
	GlobalSection(ProjectConfigurationPlatforms) = postSolution
		{5F0F6205-BD91-4AFF-8F92-48EFB6FEECDC}.Debug|Any CPU.ActiveCfg = Debug|Any CPU
		{5F0F6205-BD91-4AFF-8F92-48EFB6FEECDC}.Debug|Any CPU.Build.0 = Debug|Any CPU
		{5F0F6205-BD91-4AFF-8F92-48EFB6FEECDC}.Release|Any CPU.ActiveCfg = Release|Any CPU
		{5F0F6205-BD91-4AFF-8F92-48EFB6FEECDC}.Release|Any CPU.Build.0 = Release|Any CPU
	EndGlobalSection
	GlobalSection(SolutionProperties) = preSolution
		HideSolutionNode = FALSE
	EndGlobalSection
	GlobalSection(ExtensibilityGlobals) = postSolution
		SolutionGuid = {8A3E5D96-386F-4650-BD51-865F9843878D}
	EndGlobalSection
EndGlobal
